// !$*UTF8*$!
{
	archiveVersion = 1;
	classes = {
	};
	objectVersion = 56;
	objects = {

/* Begin PBXBuildFile section */
		D4540B11296943E000DD02DB /* Git_Streak_TrackerApp.swift in Sources */ = {isa = PBXBuildFile; fileRef = D4540B10296943E000DD02DB /* Git_Streak_TrackerApp.swift */; };
		D4540B15296943E200DD02DB /* Assets.xcassets in Resources */ = {isa = PBXBuildFile; fileRef = D4540B14296943E200DD02DB /* Assets.xcassets */; };
		D4540B18296943E200DD02DB /* Preview Assets.xcassets in Resources */ = {isa = PBXBuildFile; fileRef = D4540B17296943E200DD02DB /* Preview Assets.xcassets */; };
		D4540B22296943E200DD02DB /* Git_Streak_TrackerTests.swift in Sources */ = {isa = PBXBuildFile; fileRef = D4540B21296943E200DD02DB /* Git_Streak_TrackerTests.swift */; };
		D4540B2C296943E200DD02DB /* Git_Streak_TrackerUITests.swift in Sources */ = {isa = PBXBuildFile; fileRef = D4540B2B296943E200DD02DB /* Git_Streak_TrackerUITests.swift */; };
		D4540B2E296943E200DD02DB /* Git_Streak_TrackerUITestsLaunchTests.swift in Sources */ = {isa = PBXBuildFile; fileRef = D4540B2D296943E200DD02DB /* Git_Streak_TrackerUITestsLaunchTests.swift */; };
		D4540B412969440100DD02DB /* WidgetKit.framework in Frameworks */ = {isa = PBXBuildFile; fileRef = D4540B402969440100DD02DB /* WidgetKit.framework */; };
		D4540B432969440100DD02DB /* SwiftUI.framework in Frameworks */ = {isa = PBXBuildFile; fileRef = D4540B422969440100DD02DB /* SwiftUI.framework */; };
		D4540B462969440200DD02DB /* Git_Streak_Tracker_WidgetBundle.swift in Sources */ = {isa = PBXBuildFile; fileRef = D4540B452969440200DD02DB /* Git_Streak_Tracker_WidgetBundle.swift */; };
		D4540B482969440200DD02DB /* Git_Streak_Tracker_WidgetLiveActivity.swift in Sources */ = {isa = PBXBuildFile; fileRef = D4540B472969440200DD02DB /* Git_Streak_Tracker_WidgetLiveActivity.swift */; };
		D4540B4A2969440200DD02DB /* Git_Streak_Tracker_Widget.swift in Sources */ = {isa = PBXBuildFile; fileRef = D4540B492969440200DD02DB /* Git_Streak_Tracker_Widget.swift */; };
		D4540B4D2969440300DD02DB /* Assets.xcassets in Resources */ = {isa = PBXBuildFile; fileRef = D4540B4C2969440300DD02DB /* Assets.xcassets */; };
		D4540B4F2969440300DD02DB /* Git_Streak_Tracker_Widget.intentdefinition in Sources */ = {isa = PBXBuildFile; fileRef = D4540B4B2969440200DD02DB /* Git_Streak_Tracker_Widget.intentdefinition */; };
		D4540B502969440300DD02DB /* Git_Streak_Tracker_Widget.intentdefinition in Sources */ = {isa = PBXBuildFile; fileRef = D4540B4B2969440200DD02DB /* Git_Streak_Tracker_Widget.intentdefinition */; };
		D4540B532969440300DD02DB /* Git Streak Tracker WidgetExtension.appex in Embed Foundation Extensions */ = {isa = PBXBuildFile; fileRef = D4540B3E2969440100DD02DB /* Git Streak Tracker WidgetExtension.appex */; settings = {ATTRIBUTES = (RemoveHeadersOnCopy, ); }; };
		D4737290296B8DF300E4A867 /* Contributions.swift in Sources */ = {isa = PBXBuildFile; fileRef = D4092693296A825F006D6C48 /* Contributions.swift */; };
		D4737292296BBE0400E4A867 /* ContentView.swift in Sources */ = {isa = PBXBuildFile; fileRef = D4737291296BBE0400E4A867 /* ContentView.swift */; };
		D4737293296BC27600E4A867 /* Contributions.swift in Sources */ = {isa = PBXBuildFile; fileRef = D4092693296A825F006D6C48 /* Contributions.swift */; };
		D4737298296BC5A600E4A867 /* AppGroup.swift in Sources */ = {isa = PBXBuildFile; fileRef = D4737297296BC5A600E4A867 /* AppGroup.swift */; };
		D4737299296BC5A600E4A867 /* AppGroup.swift in Sources */ = {isa = PBXBuildFile; fileRef = D4737297296BC5A600E4A867 /* AppGroup.swift */; };
		D4FDB532296A99FC003B11D0 /* GraphPath.swift in Sources */ = {isa = PBXBuildFile; fileRef = D4FDB530296A991E003B11D0 /* GraphPath.swift */; };
		D4FDB533296A9E12003B11D0 /* GraphPath.swift in Sources */ = {isa = PBXBuildFile; fileRef = D4FDB530296A991E003B11D0 /* GraphPath.swift */; };
/* End PBXBuildFile section */

/* Begin PBXContainerItemProxy section */
		D4540B1E296943E200DD02DB /* PBXContainerItemProxy */ = {
			isa = PBXContainerItemProxy;
			containerPortal = D4540B05296943E000DD02DB /* Project object */;
			proxyType = 1;
			remoteGlobalIDString = D4540B0C296943E000DD02DB;
			remoteInfo = "Git Streak Tracker";
		};
		D4540B28296943E200DD02DB /* PBXContainerItemProxy */ = {
			isa = PBXContainerItemProxy;
			containerPortal = D4540B05296943E000DD02DB /* Project object */;
			proxyType = 1;
			remoteGlobalIDString = D4540B0C296943E000DD02DB;
			remoteInfo = "Git Streak Tracker";
		};
		D4540B512969440300DD02DB /* PBXContainerItemProxy */ = {
			isa = PBXContainerItemProxy;
			containerPortal = D4540B05296943E000DD02DB /* Project object */;
			proxyType = 1;
			remoteGlobalIDString = D4540B3D2969440100DD02DB;
			remoteInfo = "Git Streak Tracker WidgetExtension";
		};
/* End PBXContainerItemProxy section */

/* Begin PBXCopyFilesBuildPhase section */
		D4540B572969440300DD02DB /* Embed Foundation Extensions */ = {
			isa = PBXCopyFilesBuildPhase;
			buildActionMask = 2147483647;
			dstPath = "";
			dstSubfolderSpec = 13;
			files = (
				D4540B532969440300DD02DB /* Git Streak Tracker WidgetExtension.appex in Embed Foundation Extensions */,
			);
			name = "Embed Foundation Extensions";
			runOnlyForDeploymentPostprocessing = 0;
		};
/* End PBXCopyFilesBuildPhase section */

/* Begin PBXFileReference section */
		D4092693296A825F006D6C48 /* Contributions.swift */ = {isa = PBXFileReference; lastKnownFileType = sourcecode.swift; path = Contributions.swift; sourceTree = "<group>"; };
		D4540B0D296943E000DD02DB /* Git Streak Tracker.app */ = {isa = PBXFileReference; explicitFileType = wrapper.application; includeInIndex = 0; path = "Git Streak Tracker.app"; sourceTree = BUILT_PRODUCTS_DIR; };
		D4540B10296943E000DD02DB /* Git_Streak_TrackerApp.swift */ = {isa = PBXFileReference; lastKnownFileType = sourcecode.swift; path = Git_Streak_TrackerApp.swift; sourceTree = "<group>"; };
		D4540B14296943E200DD02DB /* Assets.xcassets */ = {isa = PBXFileReference; lastKnownFileType = folder.assetcatalog; path = Assets.xcassets; sourceTree = "<group>"; };
		D4540B17296943E200DD02DB /* Preview Assets.xcassets */ = {isa = PBXFileReference; lastKnownFileType = folder.assetcatalog; path = "Preview Assets.xcassets"; sourceTree = "<group>"; };
		D4540B1D296943E200DD02DB /* Git Streak TrackerTests.xctest */ = {isa = PBXFileReference; explicitFileType = wrapper.cfbundle; includeInIndex = 0; path = "Git Streak TrackerTests.xctest"; sourceTree = BUILT_PRODUCTS_DIR; };
		D4540B21296943E200DD02DB /* Git_Streak_TrackerTests.swift */ = {isa = PBXFileReference; lastKnownFileType = sourcecode.swift; path = Git_Streak_TrackerTests.swift; sourceTree = "<group>"; };
		D4540B27296943E200DD02DB /* Git Streak TrackerUITests.xctest */ = {isa = PBXFileReference; explicitFileType = wrapper.cfbundle; includeInIndex = 0; path = "Git Streak TrackerUITests.xctest"; sourceTree = BUILT_PRODUCTS_DIR; };
		D4540B2B296943E200DD02DB /* Git_Streak_TrackerUITests.swift */ = {isa = PBXFileReference; lastKnownFileType = sourcecode.swift; path = Git_Streak_TrackerUITests.swift; sourceTree = "<group>"; };
		D4540B2D296943E200DD02DB /* Git_Streak_TrackerUITestsLaunchTests.swift */ = {isa = PBXFileReference; lastKnownFileType = sourcecode.swift; path = Git_Streak_TrackerUITestsLaunchTests.swift; sourceTree = "<group>"; };
		D4540B3E2969440100DD02DB /* Git Streak Tracker WidgetExtension.appex */ = {isa = PBXFileReference; explicitFileType = "wrapper.app-extension"; includeInIndex = 0; path = "Git Streak Tracker WidgetExtension.appex"; sourceTree = BUILT_PRODUCTS_DIR; };
		D4540B402969440100DD02DB /* WidgetKit.framework */ = {isa = PBXFileReference; lastKnownFileType = wrapper.framework; name = WidgetKit.framework; path = System/Library/Frameworks/WidgetKit.framework; sourceTree = SDKROOT; };
		D4540B422969440100DD02DB /* SwiftUI.framework */ = {isa = PBXFileReference; lastKnownFileType = wrapper.framework; name = SwiftUI.framework; path = System/Library/Frameworks/SwiftUI.framework; sourceTree = SDKROOT; };
		D4540B452969440200DD02DB /* Git_Streak_Tracker_WidgetBundle.swift */ = {isa = PBXFileReference; lastKnownFileType = sourcecode.swift; path = Git_Streak_Tracker_WidgetBundle.swift; sourceTree = "<group>"; };
		D4540B472969440200DD02DB /* Git_Streak_Tracker_WidgetLiveActivity.swift */ = {isa = PBXFileReference; lastKnownFileType = sourcecode.swift; path = Git_Streak_Tracker_WidgetLiveActivity.swift; sourceTree = "<group>"; };
		D4540B492969440200DD02DB /* Git_Streak_Tracker_Widget.swift */ = {isa = PBXFileReference; lastKnownFileType = sourcecode.swift; path = Git_Streak_Tracker_Widget.swift; sourceTree = "<group>"; };
		D4540B4B2969440200DD02DB /* Git_Streak_Tracker_Widget.intentdefinition */ = {isa = PBXFileReference; lastKnownFileType = file.intentdefinition; path = Git_Streak_Tracker_Widget.intentdefinition; sourceTree = "<group>"; };
		D4540B4C2969440300DD02DB /* Assets.xcassets */ = {isa = PBXFileReference; lastKnownFileType = folder.assetcatalog; path = Assets.xcassets; sourceTree = "<group>"; };
		D4540B4E2969440300DD02DB /* Info.plist */ = {isa = PBXFileReference; lastKnownFileType = text.plist.xml; path = Info.plist; sourceTree = "<group>"; };
		D4737291296BBE0400E4A867 /* ContentView.swift */ = {isa = PBXFileReference; fileEncoding = 4; lastKnownFileType = sourcecode.swift; name = ContentView.swift; path = "Git Streak Tracker/ContentView.swift"; sourceTree = SOURCE_ROOT; };
		D4737297296BC5A600E4A867 /* AppGroup.swift */ = {isa = PBXFileReference; lastKnownFileType = sourcecode.swift; path = AppGroup.swift; sourceTree = "<group>"; };
		D4FDB530296A991E003B11D0 /* GraphPath.swift */ = {isa = PBXFileReference; lastKnownFileType = sourcecode.swift; path = GraphPath.swift; sourceTree = "<group>"; };
		D4FDB534296B7F20003B11D0 /* Git Streak Tracker.entitlements */ = {isa = PBXFileReference; lastKnownFileType = text.plist.entitlements; path = "Git Streak Tracker.entitlements"; sourceTree = "<group>"; };
		D4FDB535296B8340003B11D0 /* Git Streak Tracker WidgetExtension.entitlements */ = {isa = PBXFileReference; lastKnownFileType = text.plist.entitlements; path = "Git Streak Tracker WidgetExtension.entitlements"; sourceTree = "<group>"; };
/* End PBXFileReference section */

/* Begin PBXFrameworksBuildPhase section */
		D4540B0A296943E000DD02DB /* Frameworks */ = {
			isa = PBXFrameworksBuildPhase;
			buildActionMask = 2147483647;
			files = (
			);
			runOnlyForDeploymentPostprocessing = 0;
		};
		D4540B1A296943E200DD02DB /* Frameworks */ = {
			isa = PBXFrameworksBuildPhase;
			buildActionMask = 2147483647;
			files = (
			);
			runOnlyForDeploymentPostprocessing = 0;
		};
		D4540B24296943E200DD02DB /* Frameworks */ = {
			isa = PBXFrameworksBuildPhase;
			buildActionMask = 2147483647;
			files = (
			);
			runOnlyForDeploymentPostprocessing = 0;
		};
		D4540B3B2969440100DD02DB /* Frameworks */ = {
			isa = PBXFrameworksBuildPhase;
			buildActionMask = 2147483647;
			files = (
				D4540B432969440100DD02DB /* SwiftUI.framework in Frameworks */,
				D4540B412969440100DD02DB /* WidgetKit.framework in Frameworks */,
			);
			runOnlyForDeploymentPostprocessing = 0;
		};
/* End PBXFrameworksBuildPhase section */

/* Begin PBXGroup section */
		D4540B04296943E000DD02DB = {
			isa = PBXGroup;
			children = (
				D4FDB535296B8340003B11D0 /* Git Streak Tracker WidgetExtension.entitlements */,
				D4540B0F296943E000DD02DB /* Git Streak Tracker */,
				D4540B20296943E200DD02DB /* Git Streak TrackerTests */,
				D4540B2A296943E200DD02DB /* Git Streak TrackerUITests */,
				D4540B442969440200DD02DB /* Git Streak Tracker Widget */,
				D4540B3F2969440100DD02DB /* Frameworks */,
				D4540B0E296943E000DD02DB /* Products */,
			);
			sourceTree = "<group>";
		};
		D4540B0E296943E000DD02DB /* Products */ = {
			isa = PBXGroup;
			children = (
				D4540B0D296943E000DD02DB /* Git Streak Tracker.app */,
				D4540B1D296943E200DD02DB /* Git Streak TrackerTests.xctest */,
				D4540B27296943E200DD02DB /* Git Streak TrackerUITests.xctest */,
				D4540B3E2969440100DD02DB /* Git Streak Tracker WidgetExtension.appex */,
			);
			name = Products;
			sourceTree = "<group>";
		};
		D4540B0F296943E000DD02DB /* Git Streak Tracker */ = {
			isa = PBXGroup;
			children = (
				D4FDB534296B7F20003B11D0 /* Git Streak Tracker.entitlements */,
				D4737291296BBE0400E4A867 /* ContentView.swift */,
				D4092693296A825F006D6C48 /* Contributions.swift */,
				D4540B10296943E000DD02DB /* Git_Streak_TrackerApp.swift */,
				D4540B14296943E200DD02DB /* Assets.xcassets */,
				D4540B16296943E200DD02DB /* Preview Content */,
			);
			path = "Git Streak Tracker";
			sourceTree = "<group>";
		};
		D4540B16296943E200DD02DB /* Preview Content */ = {
			isa = PBXGroup;
			children = (
				D4540B17296943E200DD02DB /* Preview Assets.xcassets */,
			);
			path = "Preview Content";
			sourceTree = "<group>";
		};
		D4540B20296943E200DD02DB /* Git Streak TrackerTests */ = {
			isa = PBXGroup;
			children = (
				D4540B21296943E200DD02DB /* Git_Streak_TrackerTests.swift */,
			);
			path = "Git Streak TrackerTests";
			sourceTree = "<group>";
		};
		D4540B2A296943E200DD02DB /* Git Streak TrackerUITests */ = {
			isa = PBXGroup;
			children = (
				D4540B2B296943E200DD02DB /* Git_Streak_TrackerUITests.swift */,
				D4540B2D296943E200DD02DB /* Git_Streak_TrackerUITestsLaunchTests.swift */,
			);
			path = "Git Streak TrackerUITests";
			sourceTree = "<group>";
		};
		D4540B3F2969440100DD02DB /* Frameworks */ = {
			isa = PBXGroup;
			children = (
				D4540B402969440100DD02DB /* WidgetKit.framework */,
				D4540B422969440100DD02DB /* SwiftUI.framework */,
			);
			name = Frameworks;
			sourceTree = "<group>";
		};
		D4540B442969440200DD02DB /* Git Streak Tracker Widget */ = {
			isa = PBXGroup;
			children = (
				D4540B452969440200DD02DB /* Git_Streak_Tracker_WidgetBundle.swift */,
				D4540B472969440200DD02DB /* Git_Streak_Tracker_WidgetLiveActivity.swift */,
				D4540B492969440200DD02DB /* Git_Streak_Tracker_Widget.swift */,
				D4540B4B2969440200DD02DB /* Git_Streak_Tracker_Widget.intentdefinition */,
				D4540B4C2969440300DD02DB /* Assets.xcassets */,
				D4540B4E2969440300DD02DB /* Info.plist */,
				D4FDB530296A991E003B11D0 /* GraphPath.swift */,
				D4737297296BC5A600E4A867 /* AppGroup.swift */,
			);
			path = "Git Streak Tracker Widget";
			sourceTree = "<group>";
		};
/* End PBXGroup section */

/* Begin PBXNativeTarget section */
		D4540B0C296943E000DD02DB /* Git Streak Tracker */ = {
			isa = PBXNativeTarget;
			buildConfigurationList = D4540B31296943E200DD02DB /* Build configuration list for PBXNativeTarget "Git Streak Tracker" */;
			buildPhases = (
				D4540B09296943E000DD02DB /* Sources */,
				D4540B0A296943E000DD02DB /* Frameworks */,
				D4540B0B296943E000DD02DB /* Resources */,
				D4540B572969440300DD02DB /* Embed Foundation Extensions */,
			);
			buildRules = (
			);
			dependencies = (
				D4540B522969440300DD02DB /* PBXTargetDependency */,
			);
			name = "Git Streak Tracker";
			productName = "Git Streak Tracker";
			productReference = D4540B0D296943E000DD02DB /* Git Streak Tracker.app */;
			productType = "com.apple.product-type.application";
		};
		D4540B1C296943E200DD02DB /* Git Streak TrackerTests */ = {
			isa = PBXNativeTarget;
			buildConfigurationList = D4540B34296943E200DD02DB /* Build configuration list for PBXNativeTarget "Git Streak TrackerTests" */;
			buildPhases = (
				D4540B19296943E200DD02DB /* Sources */,
				D4540B1A296943E200DD02DB /* Frameworks */,
				D4540B1B296943E200DD02DB /* Resources */,
			);
			buildRules = (
			);
			dependencies = (
				D4540B1F296943E200DD02DB /* PBXTargetDependency */,
			);
			name = "Git Streak TrackerTests";
			productName = "Git Streak TrackerTests";
			productReference = D4540B1D296943E200DD02DB /* Git Streak TrackerTests.xctest */;
			productType = "com.apple.product-type.bundle.unit-test";
		};
		D4540B26296943E200DD02DB /* Git Streak TrackerUITests */ = {
			isa = PBXNativeTarget;
			buildConfigurationList = D4540B37296943E200DD02DB /* Build configuration list for PBXNativeTarget "Git Streak TrackerUITests" */;
			buildPhases = (
				D4540B23296943E200DD02DB /* Sources */,
				D4540B24296943E200DD02DB /* Frameworks */,
				D4540B25296943E200DD02DB /* Resources */,
			);
			buildRules = (
			);
			dependencies = (
				D4540B29296943E200DD02DB /* PBXTargetDependency */,
			);
			name = "Git Streak TrackerUITests";
			productName = "Git Streak TrackerUITests";
			productReference = D4540B27296943E200DD02DB /* Git Streak TrackerUITests.xctest */;
			productType = "com.apple.product-type.bundle.ui-testing";
		};
		D4540B3D2969440100DD02DB /* Git Streak Tracker WidgetExtension */ = {
			isa = PBXNativeTarget;
			buildConfigurationList = D4540B542969440300DD02DB /* Build configuration list for PBXNativeTarget "Git Streak Tracker WidgetExtension" */;
			buildPhases = (
				D4540B3A2969440100DD02DB /* Sources */,
				D4540B3B2969440100DD02DB /* Frameworks */,
				D4540B3C2969440100DD02DB /* Resources */,
			);
			buildRules = (
			);
			dependencies = (
			);
			name = "Git Streak Tracker WidgetExtension";
			productName = "Git Streak Tracker WidgetExtension";
			productReference = D4540B3E2969440100DD02DB /* Git Streak Tracker WidgetExtension.appex */;
			productType = "com.apple.product-type.app-extension";
		};
/* End PBXNativeTarget section */

/* Begin PBXProject section */
		D4540B05296943E000DD02DB /* Project object */ = {
			isa = PBXProject;
			attributes = {
				BuildIndependentTargetsInParallel = 1;
				LastSwiftUpdateCheck = 1420;
				LastUpgradeCheck = 1420;
				TargetAttributes = {
					D4540B0C296943E000DD02DB = {
						CreatedOnToolsVersion = 14.2;
					};
					D4540B1C296943E200DD02DB = {
						CreatedOnToolsVersion = 14.2;
						TestTargetID = D4540B0C296943E000DD02DB;
					};
					D4540B26296943E200DD02DB = {
						CreatedOnToolsVersion = 14.2;
						TestTargetID = D4540B0C296943E000DD02DB;
					};
					D4540B3D2969440100DD02DB = {
						CreatedOnToolsVersion = 14.2;
					};
				};
			};
			buildConfigurationList = D4540B08296943E000DD02DB /* Build configuration list for PBXProject "Git Streak Tracker" */;
			compatibilityVersion = "Xcode 14.0";
			developmentRegion = en;
			hasScannedForEncodings = 0;
			knownRegions = (
				en,
				Base,
			);
			mainGroup = D4540B04296943E000DD02DB;
			productRefGroup = D4540B0E296943E000DD02DB /* Products */;
			projectDirPath = "";
			projectRoot = "";
			targets = (
				D4540B0C296943E000DD02DB /* Git Streak Tracker */,
				D4540B1C296943E200DD02DB /* Git Streak TrackerTests */,
				D4540B26296943E200DD02DB /* Git Streak TrackerUITests */,
				D4540B3D2969440100DD02DB /* Git Streak Tracker WidgetExtension */,
			);
		};
/* End PBXProject section */

/* Begin PBXResourcesBuildPhase section */
		D4540B0B296943E000DD02DB /* Resources */ = {
			isa = PBXResourcesBuildPhase;
			buildActionMask = 2147483647;
			files = (
				D4540B18296943E200DD02DB /* Preview Assets.xcassets in Resources */,
				D4540B15296943E200DD02DB /* Assets.xcassets in Resources */,
			);
			runOnlyForDeploymentPostprocessing = 0;
		};
		D4540B1B296943E200DD02DB /* Resources */ = {
			isa = PBXResourcesBuildPhase;
			buildActionMask = 2147483647;
			files = (
			);
			runOnlyForDeploymentPostprocessing = 0;
		};
		D4540B25296943E200DD02DB /* Resources */ = {
			isa = PBXResourcesBuildPhase;
			buildActionMask = 2147483647;
			files = (
			);
			runOnlyForDeploymentPostprocessing = 0;
		};
		D4540B3C2969440100DD02DB /* Resources */ = {
			isa = PBXResourcesBuildPhase;
			buildActionMask = 2147483647;
			files = (
				D4540B4D2969440300DD02DB /* Assets.xcassets in Resources */,
			);
			runOnlyForDeploymentPostprocessing = 0;
		};
/* End PBXResourcesBuildPhase section */

/* Begin PBXSourcesBuildPhase section */
		D4540B09296943E000DD02DB /* Sources */ = {
			isa = PBXSourcesBuildPhase;
			buildActionMask = 2147483647;
			files = (
				D4540B502969440300DD02DB /* Git_Streak_Tracker_Widget.intentdefinition in Sources */,
				D4737298296BC5A600E4A867 /* AppGroup.swift in Sources */,
				D4737292296BBE0400E4A867 /* ContentView.swift in Sources */,
				D4737290296B8DF300E4A867 /* Contributions.swift in Sources */,
				D4FDB532296A99FC003B11D0 /* GraphPath.swift in Sources */,
				D4540B11296943E000DD02DB /* Git_Streak_TrackerApp.swift in Sources */,
			);
			runOnlyForDeploymentPostprocessing = 0;
		};
		D4540B19296943E200DD02DB /* Sources */ = {
			isa = PBXSourcesBuildPhase;
			buildActionMask = 2147483647;
			files = (
				D4540B22296943E200DD02DB /* Git_Streak_TrackerTests.swift in Sources */,
			);
			runOnlyForDeploymentPostprocessing = 0;
		};
		D4540B23296943E200DD02DB /* Sources */ = {
			isa = PBXSourcesBuildPhase;
			buildActionMask = 2147483647;
			files = (
				D4540B2E296943E200DD02DB /* Git_Streak_TrackerUITestsLaunchTests.swift in Sources */,
				D4540B2C296943E200DD02DB /* Git_Streak_TrackerUITests.swift in Sources */,
			);
			runOnlyForDeploymentPostprocessing = 0;
		};
		D4540B3A2969440100DD02DB /* Sources */ = {
			isa = PBXSourcesBuildPhase;
			buildActionMask = 2147483647;
			files = (
				D4540B482969440200DD02DB /* Git_Streak_Tracker_WidgetLiveActivity.swift in Sources */,
				D4540B4A2969440200DD02DB /* Git_Streak_Tracker_Widget.swift in Sources */,
				D4540B4F2969440300DD02DB /* Git_Streak_Tracker_Widget.intentdefinition in Sources */,
				D4737299296BC5A600E4A867 /* AppGroup.swift in Sources */,
				D4737293296BC27600E4A867 /* Contributions.swift in Sources */,
				D4540B462969440200DD02DB /* Git_Streak_Tracker_WidgetBundle.swift in Sources */,
				D4FDB533296A9E12003B11D0 /* GraphPath.swift in Sources */,
			);
			runOnlyForDeploymentPostprocessing = 0;
		};
/* End PBXSourcesBuildPhase section */

/* Begin PBXTargetDependency section */
		D4540B1F296943E200DD02DB /* PBXTargetDependency */ = {
			isa = PBXTargetDependency;
			target = D4540B0C296943E000DD02DB /* Git Streak Tracker */;
			targetProxy = D4540B1E296943E200DD02DB /* PBXContainerItemProxy */;
		};
		D4540B29296943E200DD02DB /* PBXTargetDependency */ = {
			isa = PBXTargetDependency;
			target = D4540B0C296943E000DD02DB /* Git Streak Tracker */;
			targetProxy = D4540B28296943E200DD02DB /* PBXContainerItemProxy */;
		};
		D4540B522969440300DD02DB /* PBXTargetDependency */ = {
			isa = PBXTargetDependency;
			target = D4540B3D2969440100DD02DB /* Git Streak Tracker WidgetExtension */;
			targetProxy = D4540B512969440300DD02DB /* PBXContainerItemProxy */;
		};
/* End PBXTargetDependency section */

/* Begin XCBuildConfiguration section */
		D4540B2F296943E200DD02DB /* Debug */ = {
			isa = XCBuildConfiguration;
			buildSettings = {
				ALWAYS_SEARCH_USER_PATHS = NO;
				CLANG_ANALYZER_NONNULL = YES;
				CLANG_ANALYZER_NUMBER_OBJECT_CONVERSION = YES_AGGRESSIVE;
				CLANG_CXX_LANGUAGE_STANDARD = "gnu++20";
				CLANG_ENABLE_MODULES = YES;
				CLANG_ENABLE_OBJC_ARC = YES;
				CLANG_ENABLE_OBJC_WEAK = YES;
				CLANG_WARN_BLOCK_CAPTURE_AUTORELEASING = YES;
				CLANG_WARN_BOOL_CONVERSION = YES;
				CLANG_WARN_COMMA = YES;
				CLANG_WARN_CONSTANT_CONVERSION = YES;
				CLANG_WARN_DEPRECATED_OBJC_IMPLEMENTATIONS = YES;
				CLANG_WARN_DIRECT_OBJC_ISA_USAGE = YES_ERROR;
				CLANG_WARN_DOCUMENTATION_COMMENTS = YES;
				CLANG_WARN_EMPTY_BODY = YES;
				CLANG_WARN_ENUM_CONVERSION = YES;
				CLANG_WARN_INFINITE_RECURSION = YES;
				CLANG_WARN_INT_CONVERSION = YES;
				CLANG_WARN_NON_LITERAL_NULL_CONVERSION = YES;
				CLANG_WARN_OBJC_IMPLICIT_RETAIN_SELF = YES;
				CLANG_WARN_OBJC_LITERAL_CONVERSION = YES;
				CLANG_WARN_OBJC_ROOT_CLASS = YES_ERROR;
				CLANG_WARN_QUOTED_INCLUDE_IN_FRAMEWORK_HEADER = YES;
				CLANG_WARN_RANGE_LOOP_ANALYSIS = YES;
				CLANG_WARN_STRICT_PROTOTYPES = YES;
				CLANG_WARN_SUSPICIOUS_MOVE = YES;
				CLANG_WARN_UNGUARDED_AVAILABILITY = YES_AGGRESSIVE;
				CLANG_WARN_UNREACHABLE_CODE = YES;
				CLANG_WARN__DUPLICATE_METHOD_MATCH = YES;
				COPY_PHASE_STRIP = NO;
				DEBUG_INFORMATION_FORMAT = dwarf;
				ENABLE_STRICT_OBJC_MSGSEND = YES;
				ENABLE_TESTABILITY = YES;
				GCC_C_LANGUAGE_STANDARD = gnu11;
				GCC_DYNAMIC_NO_PIC = NO;
				GCC_NO_COMMON_BLOCKS = YES;
				GCC_OPTIMIZATION_LEVEL = 0;
				GCC_PREPROCESSOR_DEFINITIONS = (
					"DEBUG=1",
					"$(inherited)",
				);
				GCC_WARN_64_TO_32_BIT_CONVERSION = YES;
				GCC_WARN_ABOUT_RETURN_TYPE = YES_ERROR;
				GCC_WARN_UNDECLARED_SELECTOR = YES;
				GCC_WARN_UNINITIALIZED_AUTOS = YES_AGGRESSIVE;
				GCC_WARN_UNUSED_FUNCTION = YES;
				GCC_WARN_UNUSED_VARIABLE = YES;
				IPHONEOS_DEPLOYMENT_TARGET = 16.2;
				MTL_ENABLE_DEBUG_INFO = INCLUDE_SOURCE;
				MTL_FAST_MATH = YES;
				ONLY_ACTIVE_ARCH = YES;
				SDKROOT = iphoneos;
				SWIFT_ACTIVE_COMPILATION_CONDITIONS = DEBUG;
				SWIFT_OPTIMIZATION_LEVEL = "-Onone";
			};
			name = Debug;
		};
		D4540B30296943E200DD02DB /* Release */ = {
			isa = XCBuildConfiguration;
			buildSettings = {
				ALWAYS_SEARCH_USER_PATHS = NO;
				CLANG_ANALYZER_NONNULL = YES;
				CLANG_ANALYZER_NUMBER_OBJECT_CONVERSION = YES_AGGRESSIVE;
				CLANG_CXX_LANGUAGE_STANDARD = "gnu++20";
				CLANG_ENABLE_MODULES = YES;
				CLANG_ENABLE_OBJC_ARC = YES;
				CLANG_ENABLE_OBJC_WEAK = YES;
				CLANG_WARN_BLOCK_CAPTURE_AUTORELEASING = YES;
				CLANG_WARN_BOOL_CONVERSION = YES;
				CLANG_WARN_COMMA = YES;
				CLANG_WARN_CONSTANT_CONVERSION = YES;
				CLANG_WARN_DEPRECATED_OBJC_IMPLEMENTATIONS = YES;
				CLANG_WARN_DIRECT_OBJC_ISA_USAGE = YES_ERROR;
				CLANG_WARN_DOCUMENTATION_COMMENTS = YES;
				CLANG_WARN_EMPTY_BODY = YES;
				CLANG_WARN_ENUM_CONVERSION = YES;
				CLANG_WARN_INFINITE_RECURSION = YES;
				CLANG_WARN_INT_CONVERSION = YES;
				CLANG_WARN_NON_LITERAL_NULL_CONVERSION = YES;
				CLANG_WARN_OBJC_IMPLICIT_RETAIN_SELF = YES;
				CLANG_WARN_OBJC_LITERAL_CONVERSION = YES;
				CLANG_WARN_OBJC_ROOT_CLASS = YES_ERROR;
				CLANG_WARN_QUOTED_INCLUDE_IN_FRAMEWORK_HEADER = YES;
				CLANG_WARN_RANGE_LOOP_ANALYSIS = YES;
				CLANG_WARN_STRICT_PROTOTYPES = YES;
				CLANG_WARN_SUSPICIOUS_MOVE = YES;
				CLANG_WARN_UNGUARDED_AVAILABILITY = YES_AGGRESSIVE;
				CLANG_WARN_UNREACHABLE_CODE = YES;
				CLANG_WARN__DUPLICATE_METHOD_MATCH = YES;
				COPY_PHASE_STRIP = NO;
				DEBUG_INFORMATION_FORMAT = "dwarf-with-dsym";
				ENABLE_NS_ASSERTIONS = NO;
				ENABLE_STRICT_OBJC_MSGSEND = YES;
				GCC_C_LANGUAGE_STANDARD = gnu11;
				GCC_NO_COMMON_BLOCKS = YES;
				GCC_WARN_64_TO_32_BIT_CONVERSION = YES;
				GCC_WARN_ABOUT_RETURN_TYPE = YES_ERROR;
				GCC_WARN_UNDECLARED_SELECTOR = YES;
				GCC_WARN_UNINITIALIZED_AUTOS = YES_AGGRESSIVE;
				GCC_WARN_UNUSED_FUNCTION = YES;
				GCC_WARN_UNUSED_VARIABLE = YES;
				IPHONEOS_DEPLOYMENT_TARGET = 16.2;
				MTL_ENABLE_DEBUG_INFO = NO;
				MTL_FAST_MATH = YES;
				SDKROOT = iphoneos;
				SWIFT_COMPILATION_MODE = wholemodule;
				SWIFT_OPTIMIZATION_LEVEL = "-O";
				VALIDATE_PRODUCT = YES;
			};
			name = Release;
		};
		D4540B32296943E200DD02DB /* Debug */ = {
			isa = XCBuildConfiguration;
			buildSettings = {
				ALWAYS_EMBED_SWIFT_STANDARD_LIBRARIES = YES;
				ASSETCATALOG_COMPILER_APPICON_NAME = AppIcon;
				ASSETCATALOG_COMPILER_GLOBAL_ACCENT_COLOR_NAME = AccentColor;
				CODE_SIGN_ENTITLEMENTS = "Git Streak Tracker/Git Streak Tracker.entitlements";
				CODE_SIGN_STYLE = Automatic;
				CURRENT_PROJECT_VERSION = 2;
				DEVELOPMENT_ASSET_PATHS = "\"Git Streak Tracker/Preview Content\"";
				DEVELOPMENT_TEAM = MMJZRMH2BA;
				ENABLE_PREVIEWS = YES;
				GENERATE_INFOPLIST_FILE = YES;
				INFOPLIST_KEY_UIApplicationSceneManifest_Generation = YES;
				INFOPLIST_KEY_UIApplicationSupportsIndirectInputEvents = YES;
				INFOPLIST_KEY_UILaunchScreen_Generation = YES;
				INFOPLIST_KEY_UISupportedInterfaceOrientations_iPad = "UIInterfaceOrientationPortrait UIInterfaceOrientationPortraitUpsideDown UIInterfaceOrientationLandscapeLeft UIInterfaceOrientationLandscapeRight";
				INFOPLIST_KEY_UISupportedInterfaceOrientations_iPhone = "UIInterfaceOrientationPortrait UIInterfaceOrientationLandscapeLeft UIInterfaceOrientationLandscapeRight";
				IPHONEOS_DEPLOYMENT_TARGET = 16.0;
				LD_RUNPATH_SEARCH_PATHS = (
					"$(inherited)",
					"@executable_path/Frameworks",
				);
				MARKETING_VERSION = 0.0.1;
				PRODUCT_BUNDLE_IDENTIFIER = "com.ckcollab.Git-Streak-Tracker";
				PRODUCT_NAME = "$(TARGET_NAME)";
				SUPPORTED_PLATFORMS = "iphoneos iphonesimulator";
				SUPPORTS_MACCATALYST = NO;
				SUPPORTS_MAC_DESIGNED_FOR_IPHONE_IPAD = NO;
				SWIFT_EMIT_LOC_STRINGS = YES;
				SWIFT_VERSION = 5.0;
				TARGETED_DEVICE_FAMILY = 1;
			};
			name = Debug;
		};
		D4540B33296943E200DD02DB /* Release */ = {
			isa = XCBuildConfiguration;
			buildSettings = {
				ALWAYS_EMBED_SWIFT_STANDARD_LIBRARIES = YES;
				ASSETCATALOG_COMPILER_APPICON_NAME = AppIcon;
				ASSETCATALOG_COMPILER_GLOBAL_ACCENT_COLOR_NAME = AccentColor;
				CODE_SIGN_ENTITLEMENTS = "Git Streak Tracker/Git Streak Tracker.entitlements";
				CODE_SIGN_STYLE = Automatic;
				CURRENT_PROJECT_VERSION = 2;
				DEVELOPMENT_ASSET_PATHS = "\"Git Streak Tracker/Preview Content\"";
				DEVELOPMENT_TEAM = MMJZRMH2BA;
				ENABLE_PREVIEWS = YES;
				GENERATE_INFOPLIST_FILE = YES;
				INFOPLIST_KEY_UIApplicationSceneManifest_Generation = YES;
				INFOPLIST_KEY_UIApplicationSupportsIndirectInputEvents = YES;
				INFOPLIST_KEY_UILaunchScreen_Generation = YES;
				INFOPLIST_KEY_UISupportedInterfaceOrientations_iPad = "UIInterfaceOrientationPortrait UIInterfaceOrientationPortraitUpsideDown UIInterfaceOrientationLandscapeLeft UIInterfaceOrientationLandscapeRight";
				INFOPLIST_KEY_UISupportedInterfaceOrientations_iPhone = "UIInterfaceOrientationPortrait UIInterfaceOrientationLandscapeLeft UIInterfaceOrientationLandscapeRight";
				IPHONEOS_DEPLOYMENT_TARGET = 16.0;
				LD_RUNPATH_SEARCH_PATHS = (
					"$(inherited)",
					"@executable_path/Frameworks",
				);
				MARKETING_VERSION = 0.0.1;
				PRODUCT_BUNDLE_IDENTIFIER = "com.ckcollab.Git-Streak-Tracker";
				PRODUCT_NAME = "$(TARGET_NAME)";
				SUPPORTED_PLATFORMS = "iphoneos iphonesimulator";
				SUPPORTS_MACCATALYST = NO;
				SUPPORTS_MAC_DESIGNED_FOR_IPHONE_IPAD = NO;
				SWIFT_EMIT_LOC_STRINGS = YES;
				SWIFT_VERSION = 5.0;
				TARGETED_DEVICE_FAMILY = 1;
			};
			name = Release;
		};
		D4540B35296943E200DD02DB /* Debug */ = {
			isa = XCBuildConfiguration;
			buildSettings = {
				ALWAYS_EMBED_SWIFT_STANDARD_LIBRARIES = YES;
				BUNDLE_LOADER = "$(TEST_HOST)";
				CODE_SIGN_STYLE = Automatic;
				CURRENT_PROJECT_VERSION = 1;
				GENERATE_INFOPLIST_FILE = YES;
				IPHONEOS_DEPLOYMENT_TARGET = 16.2;
				MARKETING_VERSION = 1.0;
				PRODUCT_BUNDLE_IDENTIFIER = "com.ckcollab.Git-Streak-TrackerTests";
				PRODUCT_NAME = "$(TARGET_NAME)";
				SWIFT_EMIT_LOC_STRINGS = NO;
				SWIFT_VERSION = 5.0;
				TARGETED_DEVICE_FAMILY = "1,2";
				TEST_HOST = "$(BUILT_PRODUCTS_DIR)/Git Streak Tracker.app/$(BUNDLE_EXECUTABLE_FOLDER_PATH)/Git Streak Tracker";
			};
			name = Debug;
		};
		D4540B36296943E200DD02DB /* Release */ = {
			isa = XCBuildConfiguration;
			buildSettings = {
				ALWAYS_EMBED_SWIFT_STANDARD_LIBRARIES = YES;
				BUNDLE_LOADER = "$(TEST_HOST)";
				CODE_SIGN_STYLE = Automatic;
				CURRENT_PROJECT_VERSION = 1;
				GENERATE_INFOPLIST_FILE = YES;
				IPHONEOS_DEPLOYMENT_TARGET = 16.2;
				MARKETING_VERSION = 1.0;
				PRODUCT_BUNDLE_IDENTIFIER = "com.ckcollab.Git-Streak-TrackerTests";
				PRODUCT_NAME = "$(TARGET_NAME)";
				SWIFT_EMIT_LOC_STRINGS = NO;
				SWIFT_VERSION = 5.0;
				TARGETED_DEVICE_FAMILY = "1,2";
				TEST_HOST = "$(BUILT_PRODUCTS_DIR)/Git Streak Tracker.app/$(BUNDLE_EXECUTABLE_FOLDER_PATH)/Git Streak Tracker";
			};
			name = Release;
		};
		D4540B38296943E200DD02DB /* Debug */ = {
			isa = XCBuildConfiguration;
			buildSettings = {
				ALWAYS_EMBED_SWIFT_STANDARD_LIBRARIES = YES;
				CODE_SIGN_STYLE = Automatic;
				CURRENT_PROJECT_VERSION = 1;
				GENERATE_INFOPLIST_FILE = YES;
				MARKETING_VERSION = 1.0;
				PRODUCT_BUNDLE_IDENTIFIER = "com.ckcollab.Git-Streak-TrackerUITests";
				PRODUCT_NAME = "$(TARGET_NAME)";
				SWIFT_EMIT_LOC_STRINGS = NO;
				SWIFT_VERSION = 5.0;
				TARGETED_DEVICE_FAMILY = "1,2";
				TEST_TARGET_NAME = "Git Streak Tracker";
			};
			name = Debug;
		};
		D4540B39296943E200DD02DB /* Release */ = {
			isa = XCBuildConfiguration;
			buildSettings = {
				ALWAYS_EMBED_SWIFT_STANDARD_LIBRARIES = YES;
				CODE_SIGN_STYLE = Automatic;
				CURRENT_PROJECT_VERSION = 1;
				GENERATE_INFOPLIST_FILE = YES;
				MARKETING_VERSION = 1.0;
				PRODUCT_BUNDLE_IDENTIFIER = "com.ckcollab.Git-Streak-TrackerUITests";
				PRODUCT_NAME = "$(TARGET_NAME)";
				SWIFT_EMIT_LOC_STRINGS = NO;
				SWIFT_VERSION = 5.0;
				TARGETED_DEVICE_FAMILY = "1,2";
				TEST_TARGET_NAME = "Git Streak Tracker";
			};
			name = Release;
		};
		D4540B552969440300DD02DB /* Debug */ = {
			isa = XCBuildConfiguration;
			buildSettings = {
				ASSETCATALOG_COMPILER_GLOBAL_ACCENT_COLOR_NAME = AccentColor;
				ASSETCATALOG_COMPILER_WIDGET_BACKGROUND_COLOR_NAME = WidgetBackground;
				CODE_SIGN_ENTITLEMENTS = "Git Streak Tracker WidgetExtension.entitlements";
				CODE_SIGN_STYLE = Automatic;
				CURRENT_PROJECT_VERSION = 1;
				DEVELOPMENT_TEAM = MMJZRMH2BA;
				GENERATE_INFOPLIST_FILE = YES;
				INFOPLIST_FILE = "Git Streak Tracker Widget/Info.plist";
				INFOPLIST_KEY_CFBundleDisplayName = "Git Streak Tracker Widget";
				INFOPLIST_KEY_NSHumanReadableCopyright = "";
				IPHONEOS_DEPLOYMENT_TARGET = 16.2;
				LD_RUNPATH_SEARCH_PATHS = (
					"$(inherited)",
					"@executable_path/Frameworks",
					"@executable_path/../../Frameworks",
				);
				MARKETING_VERSION = 1.0.0;
				PRODUCT_BUNDLE_IDENTIFIER = "com.ckcollab.Git-Streak-Tracker.Git-Streak-Tracker-Widget";
				PRODUCT_NAME = "$(TARGET_NAME)";
				SKIP_INSTALL = YES;
				SWIFT_EMIT_LOC_STRINGS = YES;
				SWIFT_VERSION = 5.0;
				TARGETED_DEVICE_FAMILY = 1;
			};
			name = Debug;
		};
		D4540B562969440300DD02DB /* Release */ = {
			isa = XCBuildConfiguration;
			buildSettings = {
				ASSETCATALOG_COMPILER_GLOBAL_ACCENT_COLOR_NAME = AccentColor;
				ASSETCATALOG_COMPILER_WIDGET_BACKGROUND_COLOR_NAME = WidgetBackground;
				CODE_SIGN_ENTITLEMENTS = "Git Streak Tracker WidgetExtension.entitlements";
				CODE_SIGN_STYLE = Automatic;
				CURRENT_PROJECT_VERSION = 1;
				DEVELOPMENT_TEAM = MMJZRMH2BA;
				GENERATE_INFOPLIST_FILE = YES;
				INFOPLIST_FILE = "Git Streak Tracker Widget/Info.plist";
				INFOPLIST_KEY_CFBundleDisplayName = "Git Streak Tracker Widget";
				INFOPLIST_KEY_NSHumanReadableCopyright = "";
				IPHONEOS_DEPLOYMENT_TARGET = 16.2;
				LD_RUNPATH_SEARCH_PATHS = (
					"$(inherited)",
					"@executable_path/Frameworks",
					"@executable_path/../../Frameworks",
				);
				MARKETING_VERSION = 1.0.0;
				PRODUCT_BUNDLE_IDENTIFIER = "com.ckcollab.Git-Streak-Tracker.Git-Streak-Tracker-Widget";
				PRODUCT_NAME = "$(TARGET_NAME)";
				SKIP_INSTALL = YES;
				SWIFT_EMIT_LOC_STRINGS = YES;
				SWIFT_VERSION = 5.0;
				TARGETED_DEVICE_FAMILY = 1;
			};
			name = Release;
		};
/* End XCBuildConfiguration section */

/* Begin XCConfigurationList section */
		D4540B08296943E000DD02DB /* Build configuration list for PBXProject "Git Streak Tracker" */ = {
			isa = XCConfigurationList;
			buildConfigurations = (
				D4540B2F296943E200DD02DB /* Debug */,
				D4540B30296943E200DD02DB /* Release */,
			);
			defaultConfigurationIsVisible = 0;
			defaultConfigurationName = Release;
		};
		D4540B31296943E200DD02DB /* Build configuration list for PBXNativeTarget "Git Streak Tracker" */ = {
			isa = XCConfigurationList;
			buildConfigurations = (
				D4540B32296943E200DD02DB /* Debug */,
				D4540B33296943E200DD02DB /* Release */,
			);
			defaultConfigurationIsVisible = 0;
			defaultConfigurationName = Release;
		};
		D4540B34296943E200DD02DB /* Build configuration list for PBXNativeTarget "Git Streak TrackerTests" */ = {
			isa = XCConfigurationList;
			buildConfigurations = (
				D4540B35296943E200DD02DB /* Debug */,
				D4540B36296943E200DD02DB /* Release */,
			);
			defaultConfigurationIsVisible = 0;
			defaultConfigurationName = Release;
		};
		D4540B37296943E200DD02DB /* Build configuration list for PBXNativeTarget "Git Streak TrackerUITests" */ = {
			isa = XCConfigurationList;
			buildConfigurations = (
				D4540B38296943E200DD02DB /* Debug */,
				D4540B39296943E200DD02DB /* Release */,
			);
			defaultConfigurationIsVisible = 0;
			defaultConfigurationName = Release;
		};
		D4540B542969440300DD02DB /* Build configuration list for PBXNativeTarget "Git Streak Tracker WidgetExtension" */ = {
			isa = XCConfigurationList;
			buildConfigurations = (
				D4540B552969440300DD02DB /* Debug */,
				D4540B562969440300DD02DB /* Release */,
			);
			defaultConfigurationIsVisible = 0;
			defaultConfigurationName = Release;
		};
/* End XCConfigurationList section */
	};
	rootObject = D4540B05296943E000DD02DB /* Project object */;
}
